{
  "originHash" : "58ea9ec35d3a10c4cd50f09299f9fcab1ba4735420c5f9095c1b301c1ccc5ded",
  "pins" : [
    {
      "identity" : "tinytca",
      "kind" : "remoteSourceControl",
      "location" : "https://github.com/roberthein/tinyTCA",
      "state" : {
        "revision" : "92d85200d085763d0606735fc56b233777381930",
        "version" : "1.0.4"
      }
    }
  ],
  "version" : 3
}
